
Microsoft Visual Studio Solution File, Format Version 12.00
# Visual Studio Version 17
VisualStudioVersion = 17.14.36623.8 d17.14
MinimumVisualStudioVersion = 10.0.40219.1
Project("{888888A0-9F3D-457C-B088-3A5042F75D52}") = "laboratorio 7", "laboratorio 7.pyproj", "{F92152EB-B2F4-41E5-AE84-70F12B884DD6}"
EndProject
Project("{888888A0-9F3D-457C-B088-3A5042F75D52}") = "figuras", "..\figuras\figuras.pyproj", "{2A68AFAD-C77E-481A-B058-C7B0AFCEB5BB}"
EndProject
Global
	GlobalSection(SolutionConfigurationPlatforms) = preSolution
		Debug|Any CPU = Debug|Any CPU
		Release|Any CPU = Release|Any CPU
	EndGlobalSection
	GlobalSection(ProjectConfigurationPlatforms) = postSolution
		{F92152EB-B2F4-41E5-AE84-70F12B884DD6}.Debug|Any CPU.ActiveCfg = Debug|Any CPU
		{F92152EB-B2F4-41E5-AE84-70F12B884DD6}.Release|Any CPU.ActiveCfg = Release|Any CPU
		{2A68AFAD-C77E-481A-B058-C7B0AFCEB5BB}.Debug|Any CPU.ActiveCfg = Debug|Any CPU
		{2A68AFAD-C77E-481A-B058-C7B0AFCEB5BB}.Release|Any CPU.ActiveCfg = Release|Any CPU
	EndGlobalSection
	GlobalSection(SolutionProperties) = preSolution
		HideSolutionNode = FALSE
	EndGlobalSection
	GlobalSection(ExtensibilityGlobals) = postSolution
		SolutionGuid = {F1E01F75-8647-4242-8384-F35ED1263619}
	EndGlobalSection
EndGlobal
